
Microsoft Visual Studio Solution File, Format Version 12.00
# Visual Studio 15
VisualStudioVersion = 15.0.26124.0
MinimumVisualStudioVersion = 15.0.26124.0
Project("{2150E333-8FDC-42A3-9474-1A3956D46DE8}") = "02_object_oriented", "02_object_oriented", "{78EF93E2-1A38-4360-94E6-BA5395476026}"
EndProject
Project("{2150E333-8FDC-42A3-9474-1A3956D46DE8}") = "02_modeling", "02_modeling", "{42ADB8BC-8B5C-4362-B0D2-4EE6434B6C04}"
EndProject
Project("{2150E333-8FDC-42A3-9474-1A3956D46DE8}") = "project", "project", "{1150B6D3-ED5C-4948-ACD3-E9036A94BAD0}"
EndProject
Project("{FAE04EC0-301F-11D3-BF4B-00C04F79EFBC}") = "Modeling", "02_object_oriented\02_modeling\project\Modeling\Modeling.csproj", "{E5C6D766-B5AE-478D-963A-4EC71CCB4113}"
EndProject
Project("{FAE04EC0-301F-11D3-BF4B-00C04F79EFBC}") = "Test", "02_object_oriented\02_modeling\project\Test\Test.csproj", "{FA1BFEB5-CA70-4059-A71D-6F370BF6C735}"
EndProject
Project("{FAE04EC0-301F-11D3-BF4B-00C04F79EFBC}") = "Runner", "02_object_oriented\02_modeling\project\Runner\Runner.csproj", "{927F0F8B-2DD3-451B-9963-CB6C7A651E85}"
EndProject
Project("{2150E333-8FDC-42A3-9474-1A3956D46DE8}") = "03_generics", "03_generics", "{80F9502A-C90B-496E-9D4B-1584B519D631}"
EndProject
Project("{2150E333-8FDC-42A3-9474-1A3956D46DE8}") = "02_exercise", "02_exercise", "{D26D1352-0960-4EDE-8FED-7C2442276240}"
EndProject
Project("{2150E333-8FDC-42A3-9474-1A3956D46DE8}") = "project", "project", "{ED75A6EB-60EF-4E1F-9274-00FE7B006CD0}"
EndProject
Project("{FAE04EC0-301F-11D3-BF4B-00C04F79EFBC}") = "Utils", "03_generics\02_exercise\project\Utils\Utils.csproj", "{05DCDD1B-C224-4A5C-94C4-D605BF5E4C61}"
EndProject
Project("{FAE04EC0-301F-11D3-BF4B-00C04F79EFBC}") = "Test", "03_generics\02_exercise\project\Test\Test.csproj", "{435670EA-9FE5-438F-89FB-DF47D9142D18}"
EndProject
Project("{FAE04EC0-301F-11D3-BF4B-00C04F79EFBC}") = "App", "03_generics\02_exercise\project\App\App.csproj", "{70FCE2CD-0944-42C0-88EB-FDBFC27BDC43}"
EndProject
Global
	GlobalSection(SolutionConfigurationPlatforms) = preSolution
		Debug|Any CPU = Debug|Any CPU
		Debug|x64 = Debug|x64
		Debug|x86 = Debug|x86
		Release|Any CPU = Release|Any CPU
		Release|x64 = Release|x64
		Release|x86 = Release|x86
	EndGlobalSection
	GlobalSection(SolutionProperties) = preSolution
		HideSolutionNode = FALSE
	EndGlobalSection
	GlobalSection(ProjectConfigurationPlatforms) = postSolution
		{E5C6D766-B5AE-478D-963A-4EC71CCB4113}.Debug|Any CPU.ActiveCfg = Debug|Any CPU
		{E5C6D766-B5AE-478D-963A-4EC71CCB4113}.Debug|Any CPU.Build.0 = Debug|Any CPU
		{E5C6D766-B5AE-478D-963A-4EC71CCB4113}.Debug|x64.ActiveCfg = Debug|Any CPU
		{E5C6D766-B5AE-478D-963A-4EC71CCB4113}.Debug|x64.Build.0 = Debug|Any CPU
		{E5C6D766-B5AE-478D-963A-4EC71CCB4113}.Debug|x86.ActiveCfg = Debug|Any CPU
		{E5C6D766-B5AE-478D-963A-4EC71CCB4113}.Debug|x86.Build.0 = Debug|Any CPU
		{E5C6D766-B5AE-478D-963A-4EC71CCB4113}.Release|Any CPU.ActiveCfg = Release|Any CPU
		{E5C6D766-B5AE-478D-963A-4EC71CCB4113}.Release|Any CPU.Build.0 = Release|Any CPU
		{E5C6D766-B5AE-478D-963A-4EC71CCB4113}.Release|x64.ActiveCfg = Release|Any CPU
		{E5C6D766-B5AE-478D-963A-4EC71CCB4113}.Release|x64.Build.0 = Release|Any CPU
		{E5C6D766-B5AE-478D-963A-4EC71CCB4113}.Release|x86.ActiveCfg = Release|Any CPU
		{E5C6D766-B5AE-478D-963A-4EC71CCB4113}.Release|x86.Build.0 = Release|Any CPU
		{FA1BFEB5-CA70-4059-A71D-6F370BF6C735}.Debug|Any CPU.ActiveCfg = Debug|Any CPU
		{FA1BFEB5-CA70-4059-A71D-6F370BF6C735}.Debug|Any CPU.Build.0 = Debug|Any CPU
		{FA1BFEB5-CA70-4059-A71D-6F370BF6C735}.Debug|x64.ActiveCfg = Debug|Any CPU
		{FA1BFEB5-CA70-4059-A71D-6F370BF6C735}.Debug|x64.Build.0 = Debug|Any CPU
		{FA1BFEB5-CA70-4059-A71D-6F370BF6C735}.Debug|x86.ActiveCfg = Debug|Any CPU
		{FA1BFEB5-CA70-4059-A71D-6F370BF6C735}.Debug|x86.Build.0 = Debug|Any CPU
		{FA1BFEB5-CA70-4059-A71D-6F370BF6C735}.Release|Any CPU.ActiveCfg = Release|Any CPU
		{FA1BFEB5-CA70-4059-A71D-6F370BF6C735}.Release|Any CPU.Build.0 = Release|Any CPU
		{FA1BFEB5-CA70-4059-A71D-6F370BF6C735}.Release|x64.ActiveCfg = Release|Any CPU
		{FA1BFEB5-CA70-4059-A71D-6F370BF6C735}.Release|x64.Build.0 = Release|Any CPU
		{FA1BFEB5-CA70-4059-A71D-6F370BF6C735}.Release|x86.ActiveCfg = Release|Any CPU
		{FA1BFEB5-CA70-4059-A71D-6F370BF6C735}.Release|x86.Build.0 = Release|Any CPU
		{927F0F8B-2DD3-451B-9963-CB6C7A651E85}.Debug|Any CPU.ActiveCfg = Debug|Any CPU
		{927F0F8B-2DD3-451B-9963-CB6C7A651E85}.Debug|Any CPU.Build.0 = Debug|Any CPU
		{927F0F8B-2DD3-451B-9963-CB6C7A651E85}.Debug|x64.ActiveCfg = Debug|Any CPU
		{927F0F8B-2DD3-451B-9963-CB6C7A651E85}.Debug|x64.Build.0 = Debug|Any CPU
		{927F0F8B-2DD3-451B-9963-CB6C7A651E85}.Debug|x86.ActiveCfg = Debug|Any CPU
		{927F0F8B-2DD3-451B-9963-CB6C7A651E85}.Debug|x86.Build.0 = Debug|Any CPU
		{927F0F8B-2DD3-451B-9963-CB6C7A651E85}.Release|Any CPU.ActiveCfg = Release|Any CPU
		{927F0F8B-2DD3-451B-9963-CB6C7A651E85}.Release|Any CPU.Build.0 = Release|Any CPU
		{927F0F8B-2DD3-451B-9963-CB6C7A651E85}.Release|x64.ActiveCfg = Release|Any CPU
		{927F0F8B-2DD3-451B-9963-CB6C7A651E85}.Release|x64.Build.0 = Release|Any CPU
		{927F0F8B-2DD3-451B-9963-CB6C7A651E85}.Release|x86.ActiveCfg = Release|Any CPU
		{927F0F8B-2DD3-451B-9963-CB6C7A651E85}.Release|x86.Build.0 = Release|Any CPU
		{05DCDD1B-C224-4A5C-94C4-D605BF5E4C61}.Debug|Any CPU.ActiveCfg = Debug|Any CPU
		{05DCDD1B-C224-4A5C-94C4-D605BF5E4C61}.Debug|Any CPU.Build.0 = Debug|Any CPU
		{05DCDD1B-C224-4A5C-94C4-D605BF5E4C61}.Debug|x64.ActiveCfg = Debug|Any CPU
		{05DCDD1B-C224-4A5C-94C4-D605BF5E4C61}.Debug|x64.Build.0 = Debug|Any CPU
		{05DCDD1B-C224-4A5C-94C4-D605BF5E4C61}.Debug|x86.ActiveCfg = Debug|Any CPU
		{05DCDD1B-C224-4A5C-94C4-D605BF5E4C61}.Debug|x86.Build.0 = Debug|Any CPU
		{05DCDD1B-C224-4A5C-94C4-D605BF5E4C61}.Release|Any CPU.ActiveCfg = Release|Any CPU
		{05DCDD1B-C224-4A5C-94C4-D605BF5E4C61}.Release|Any CPU.Build.0 = Release|Any CPU
		{05DCDD1B-C224-4A5C-94C4-D605BF5E4C61}.Release|x64.ActiveCfg = Release|Any CPU
		{05DCDD1B-C224-4A5C-94C4-D605BF5E4C61}.Release|x64.Build.0 = Release|Any CPU
		{05DCDD1B-C224-4A5C-94C4-D605BF5E4C61}.Release|x86.ActiveCfg = Release|Any CPU
		{05DCDD1B-C224-4A5C-94C4-D605BF5E4C61}.Release|x86.Build.0 = Release|Any CPU
		{435670EA-9FE5-438F-89FB-DF47D9142D18}.Debug|Any CPU.ActiveCfg = Debug|Any CPU
		{435670EA-9FE5-438F-89FB-DF47D9142D18}.Debug|Any CPU.Build.0 = Debug|Any CPU
		{435670EA-9FE5-438F-89FB-DF47D9142D18}.Debug|x64.ActiveCfg = Debug|Any CPU
		{435670EA-9FE5-438F-89FB-DF47D9142D18}.Debug|x64.Build.0 = Debug|Any CPU
		{435670EA-9FE5-438F-89FB-DF47D9142D18}.Debug|x86.ActiveCfg = Debug|Any CPU
		{435670EA-9FE5-438F-89FB-DF47D9142D18}.Debug|x86.Build.0 = Debug|Any CPU
		{435670EA-9FE5-438F-89FB-DF47D9142D18}.Release|Any CPU.ActiveCfg = Release|Any CPU
		{435670EA-9FE5-438F-89FB-DF47D9142D18}.Release|Any CPU.Build.0 = Release|Any CPU
		{435670EA-9FE5-438F-89FB-DF47D9142D18}.Release|x64.ActiveCfg = Release|Any CPU
		{435670EA-9FE5-438F-89FB-DF47D9142D18}.Release|x64.Build.0 = Release|Any CPU
		{435670EA-9FE5-438F-89FB-DF47D9142D18}.Release|x86.ActiveCfg = Release|Any CPU
		{435670EA-9FE5-438F-89FB-DF47D9142D18}.Release|x86.Build.0 = Release|Any CPU
		{70FCE2CD-0944-42C0-88EB-FDBFC27BDC43}.Debug|Any CPU.ActiveCfg = Debug|Any CPU
		{70FCE2CD-0944-42C0-88EB-FDBFC27BDC43}.Debug|Any CPU.Build.0 = Debug|Any CPU
		{70FCE2CD-0944-42C0-88EB-FDBFC27BDC43}.Debug|x64.ActiveCfg = Debug|Any CPU
		{70FCE2CD-0944-42C0-88EB-FDBFC27BDC43}.Debug|x64.Build.0 = Debug|Any CPU
		{70FCE2CD-0944-42C0-88EB-FDBFC27BDC43}.Debug|x86.ActiveCfg = Debug|Any CPU
		{70FCE2CD-0944-42C0-88EB-FDBFC27BDC43}.Debug|x86.Build.0 = Debug|Any CPU
		{70FCE2CD-0944-42C0-88EB-FDBFC27BDC43}.Release|Any CPU.ActiveCfg = Release|Any CPU
		{70FCE2CD-0944-42C0-88EB-FDBFC27BDC43}.Release|Any CPU.Build.0 = Release|Any CPU
		{70FCE2CD-0944-42C0-88EB-FDBFC27BDC43}.Release|x64.ActiveCfg = Release|Any CPU
		{70FCE2CD-0944-42C0-88EB-FDBFC27BDC43}.Release|x64.Build.0 = Release|Any CPU
		{70FCE2CD-0944-42C0-88EB-FDBFC27BDC43}.Release|x86.ActiveCfg = Release|Any CPU
		{70FCE2CD-0944-42C0-88EB-FDBFC27BDC43}.Release|x86.Build.0 = Release|Any CPU
	EndGlobalSection
	GlobalSection(NestedProjects) = preSolution
		{42ADB8BC-8B5C-4362-B0D2-4EE6434B6C04} = {78EF93E2-1A38-4360-94E6-BA5395476026}
		{1150B6D3-ED5C-4948-ACD3-E9036A94BAD0} = {42ADB8BC-8B5C-4362-B0D2-4EE6434B6C04}
		{E5C6D766-B5AE-478D-963A-4EC71CCB4113} = {1150B6D3-ED5C-4948-ACD3-E9036A94BAD0}
		{FA1BFEB5-CA70-4059-A71D-6F370BF6C735} = {1150B6D3-ED5C-4948-ACD3-E9036A94BAD0}
		{927F0F8B-2DD3-451B-9963-CB6C7A651E85} = {1150B6D3-ED5C-4948-ACD3-E9036A94BAD0}
		{D26D1352-0960-4EDE-8FED-7C2442276240} = {80F9502A-C90B-496E-9D4B-1584B519D631}
		{ED75A6EB-60EF-4E1F-9274-00FE7B006CD0} = {D26D1352-0960-4EDE-8FED-7C2442276240}
		{05DCDD1B-C224-4A5C-94C4-D605BF5E4C61} = {ED75A6EB-60EF-4E1F-9274-00FE7B006CD0}
		{435670EA-9FE5-438F-89FB-DF47D9142D18} = {ED75A6EB-60EF-4E1F-9274-00FE7B006CD0}
		{70FCE2CD-0944-42C0-88EB-FDBFC27BDC43} = {ED75A6EB-60EF-4E1F-9274-00FE7B006CD0}
	EndGlobalSection
EndGlobal
